{
    "_meta": {
        "hash": {
            "sha256": "0985bbbe0d18cafe3c4faa3583b1dbcaecf2b1a58bcbf583b9687bb3e8a520ca"
        },
        "pipfile-spec": 6,
        "requires": {
            "python_version": "3.7"
        },
        "sources": [
            {
                "name": "pypi",
                "url": "https://pypi.org/simple",
                "verify_ssl": true
            }
        ]
    },
    "default": {
        "inotify-simple": {
            "hashes": [
                "sha256:fc2c10dd73278a1027d0663f2db51240af5946390f363a154361406ebdddd8dd"
            ],
            "index": "pypi",
            "version": "==1.1.8"
        }
    },
    "develop": {}
}
